// !$*UTF8*$!
{
	archiveVersion = 1;
	classes = {
	};
	objectVersion = 56;
	objects = {

/* Begin PBXBuildFile section */
		932AE9082A7B7E2B00BE3FA7 /* AppDelegate.swift in Sources */ = {isa = PBXBuildFile; fileRef = 932AE9072A7B7E2B00BE3FA7 /* AppDelegate.swift */; };
		932AE90A2A7B7E2B00BE3FA7 /* SceneDelegate.swift in Sources */ = {isa = PBXBuildFile; fileRef = 932AE9092A7B7E2B00BE3FA7 /* SceneDelegate.swift */; };
		932AE90F2A7B7E2B00BE3FA7 /* Main.storyboard in Resources */ = {isa = PBXBuildFile; fileRef = 932AE90D2A7B7E2B00BE3FA7 /* Main.storyboard */; };
		932AE9112A7B7E2C00BE3FA7 /* Assets.xcassets in Resources */ = {isa = PBXBuildFile; fileRef = 932AE9102A7B7E2C00BE3FA7 /* Assets.xcassets */; };
		932AE9142A7B7E2C00BE3FA7 /* LaunchScreen.storyboard in Resources */ = {isa = PBXBuildFile; fileRef = 932AE9122A7B7E2C00BE3FA7 /* LaunchScreen.storyboard */; };
		932AE9202A7B860100BE3FA7 /* QuizHomePageViewController.swift in Sources */ = {isa = PBXBuildFile; fileRef = 932AE91F2A7B860100BE3FA7 /* QuizHomePageViewController.swift */; };
		932AE9222A7B861B00BE3FA7 /* QuizContentViewController.swift in Sources */ = {isa = PBXBuildFile; fileRef = 932AE9212A7B861B00BE3FA7 /* QuizContentViewController.swift */; };
		932AE9242A7B863D00BE3FA7 /* QuizResultViewController.swift in Sources */ = {isa = PBXBuildFile; fileRef = 932AE9232A7B863D00BE3FA7 /* QuizResultViewController.swift */; };
		932AE9292A7B8DD900BE3FA7 /* QuestionModel.swift in Sources */ = {isa = PBXBuildFile; fileRef = 932AE9282A7B8DD900BE3FA7 /* QuestionModel.swift */; };
		9332C9C52A7C486D0024B2F4 /* jf-openhuninn-2.0.ttf in Resources */ = {isa = PBXBuildFile; fileRef = 9332C9C42A7C486D0024B2F4 /* jf-openhuninn-2.0.ttf */; };
		9332C9C72A7D268F0024B2F4 /* ChenYuluoyan-Thin-Monospaced.ttf in Resources */ = {isa = PBXBuildFile; fileRef = 9332C9C62A7D268F0024B2F4 /* ChenYuluoyan-Thin-Monospaced.ttf */; };
		9332C9C92A7D270E0024B2F4 /* ChenYuluoyan-Thin.ttf in Resources */ = {isa = PBXBuildFile; fileRef = 9332C9C82A7D270E0024B2F4 /* ChenYuluoyan-Thin.ttf */; };
/* End PBXBuildFile section */

/* Begin PBXFileReference section */
		932AE9042A7B7E2B00BE3FA7 /* HW_PersonalityQuiz.app */ = {isa = PBXFileReference; explicitFileType = wrapper.application; includeInIndex = 0; path = HW_PersonalityQuiz.app; sourceTree = BUILT_PRODUCTS_DIR; };
		932AE9072A7B7E2B00BE3FA7 /* AppDelegate.swift */ = {isa = PBXFileReference; lastKnownFileType = sourcecode.swift; path = AppDelegate.swift; sourceTree = "<group>"; };
		932AE9092A7B7E2B00BE3FA7 /* SceneDelegate.swift */ = {isa = PBXFileReference; lastKnownFileType = sourcecode.swift; path = SceneDelegate.swift; sourceTree = "<group>"; };
		932AE90E2A7B7E2B00BE3FA7 /* Base */ = {isa = PBXFileReference; lastKnownFileType = file.storyboard; name = Base; path = Base.lproj/Main.storyboard; sourceTree = "<group>"; };
		932AE9102A7B7E2C00BE3FA7 /* Assets.xcassets */ = {isa = PBXFileReference; lastKnownFileType = folder.assetcatalog; path = Assets.xcassets; sourceTree = "<group>"; };
		932AE9132A7B7E2C00BE3FA7 /* Base */ = {isa = PBXFileReference; lastKnownFileType = file.storyboard; name = Base; path = Base.lproj/LaunchScreen.storyboard; sourceTree = "<group>"; };
		932AE9152A7B7E2C00BE3FA7 /* Info.plist */ = {isa = PBXFileReference; lastKnownFileType = text.plist.xml; path = Info.plist; sourceTree = "<group>"; };
		932AE91F2A7B860100BE3FA7 /* QuizHomePageViewController.swift */ = {isa = PBXFileReference; lastKnownFileType = sourcecode.swift; path = QuizHomePageViewController.swift; sourceTree = "<group>"; };
		932AE9212A7B861B00BE3FA7 /* QuizContentViewController.swift */ = {isa = PBXFileReference; lastKnownFileType = sourcecode.swift; path = QuizContentViewController.swift; sourceTree = "<group>"; };
		932AE9232A7B863D00BE3FA7 /* QuizResultViewController.swift */ = {isa = PBXFileReference; lastKnownFileType = sourcecode.swift; path = QuizResultViewController.swift; sourceTree = "<group>"; };
		932AE9282A7B8DD900BE3FA7 /* QuestionModel.swift */ = {isa = PBXFileReference; lastKnownFileType = sourcecode.swift; path = QuestionModel.swift; sourceTree = "<group>"; };
		9332C9C42A7C486D0024B2F4 /* jf-openhuninn-2.0.ttf */ = {isa = PBXFileReference; lastKnownFileType = file; path = "jf-openhuninn-2.0.ttf"; sourceTree = "<group>"; };
		9332C9C62A7D268F0024B2F4 /* ChenYuluoyan-Thin-Monospaced.ttf */ = {isa = PBXFileReference; lastKnownFileType = file; path = "ChenYuluoyan-Thin-Monospaced.ttf"; sourceTree = "<group>"; };
		9332C9C82A7D270E0024B2F4 /* ChenYuluoyan-Thin.ttf */ = {isa = PBXFileReference; lastKnownFileType = file; path = "ChenYuluoyan-Thin.ttf"; sourceTree = "<group>"; };
/* End PBXFileReference section */

/* Begin PBXFrameworksBuildPhase section */
		932AE9012A7B7E2B00BE3FA7 /* Frameworks */ = {
			isa = PBXFrameworksBuildPhase;
			buildActionMask = 2147483647;
			files = (
			);
			runOnlyForDeploymentPostprocessing = 0;
		};
/* End PBXFrameworksBuildPhase section */

/* Begin PBXGroup section */
		932AE8FB2A7B7E2B00BE3FA7 = {
			isa = PBXGroup;
			children = (
				932AE9062A7B7E2B00BE3FA7 /* HW_PersonalityQuiz */,
				932AE9052A7B7E2B00BE3FA7 /* Products */,
			);
			sourceTree = "<group>";
		};
		932AE9052A7B7E2B00BE3FA7 /* Products */ = {
			isa = PBXGroup;
			children = (
				932AE9042A7B7E2B00BE3FA7 /* HW_PersonalityQuiz.app */,
			);
			name = Products;
			sourceTree = "<group>";
		};
		932AE9062A7B7E2B00BE3FA7 /* HW_PersonalityQuiz */ = {
			isa = PBXGroup;
			children = (
				932AE9252A7B8A7800BE3FA7 /* Models */,
				932AE9272A7B8B1A00BE3FA7 /* Views */,
				932AE9262A7B8AF800BE3FA7 /* View Controllers */,
				9332C9CA2A7D2E1C0024B2F4 /* Font Resource */,
				932AE9072A7B7E2B00BE3FA7 /* AppDelegate.swift */,
				932AE9092A7B7E2B00BE3FA7 /* SceneDelegate.swift */,
				932AE9102A7B7E2C00BE3FA7 /* Assets.xcassets */,
				932AE9122A7B7E2C00BE3FA7 /* LaunchScreen.storyboard */,
				932AE9152A7B7E2C00BE3FA7 /* Info.plist */,
			);
			path = HW_PersonalityQuiz;
			sourceTree = "<group>";
		};
		932AE9252A7B8A7800BE3FA7 /* Models */ = {
			isa = PBXGroup;
			children = (
				932AE9282A7B8DD900BE3FA7 /* QuestionModel.swift */,
			);
			path = Models;
			sourceTree = "<group>";
		};
		932AE9262A7B8AF800BE3FA7 /* View Controllers */ = {
			isa = PBXGroup;
			children = (
				932AE91F2A7B860100BE3FA7 /* QuizHomePageViewController.swift */,
				932AE9212A7B861B00BE3FA7 /* QuizContentViewController.swift */,
				932AE9232A7B863D00BE3FA7 /* QuizResultViewController.swift */,
			);
			path = "View Controllers";
			sourceTree = "<group>";
		};
		932AE9272A7B8B1A00BE3FA7 /* Views */ = {
			isa = PBXGroup;
			children = (
				932AE90D2A7B7E2B00BE3FA7 /* Main.storyboard */,
			);
			path = Views;
			sourceTree = "<group>";
		};
		9332C9CA2A7D2E1C0024B2F4 /* Font Resource */ = {
			isa = PBXGroup;
			children = (
				9332C9C42A7C486D0024B2F4 /* jf-openhuninn-2.0.ttf */,
				9332C9C62A7D268F0024B2F4 /* ChenYuluoyan-Thin-Monospaced.ttf */,
				9332C9C82A7D270E0024B2F4 /* ChenYuluoyan-Thin.ttf */,
			);
			path = "Font Resource";
			sourceTree = "<group>";
		};
/* End PBXGroup section */

/* Begin PBXNativeTarget section */
		932AE9032A7B7E2B00BE3FA7 /* HW_PersonalityQuiz */ = {
			isa = PBXNativeTarget;
			buildConfigurationList = 932AE9182A7B7E2C00BE3FA7 /* Build configuration list for PBXNativeTarget "HW_PersonalityQuiz" */;
			buildPhases = (
				932AE9002A7B7E2B00BE3FA7 /* Sources */,
				932AE9012A7B7E2B00BE3FA7 /* Frameworks */,
				932AE9022A7B7E2B00BE3FA7 /* Resources */,
			);
			buildRules = (
			);
			dependencies = (
			);
			name = HW_PersonalityQuiz;
			productName = HW_PersonalityQuiz;
			productReference = 932AE9042A7B7E2B00BE3FA7 /* HW_PersonalityQuiz.app */;
			productType = "com.apple.product-type.application";
		};
/* End PBXNativeTarget section */

/* Begin PBXProject section */
		932AE8FC2A7B7E2B00BE3FA7 /* Project object */ = {
			isa = PBXProject;
			attributes = {
				BuildIndependentTargetsInParallel = 1;
				LastSwiftUpdateCheck = 1430;
				LastUpgradeCheck = 1430;
				TargetAttributes = {
					932AE9032A7B7E2B00BE3FA7 = {
						CreatedOnToolsVersion = 14.3.1;
					};
				};
			};
			buildConfigurationList = 932AE8FF2A7B7E2B00BE3FA7 /* Build configuration list for PBXProject "HW_PersonalityQuiz" */;
			compatibilityVersion = "Xcode 14.0";
			developmentRegion = en;
			hasScannedForEncodings = 0;
			knownRegions = (
				en,
				Base,
			);
			mainGroup = 932AE8FB2A7B7E2B00BE3FA7;
			productRefGroup = 932AE9052A7B7E2B00BE3FA7 /* Products */;
			projectDirPath = "";
			projectRoot = "";
			targets = (
				932AE9032A7B7E2B00BE3FA7 /* HW_PersonalityQuiz */,
			);
		};
/* End PBXProject section */

/* Begin PBXResourcesBuildPhase section */
		932AE9022A7B7E2B00BE3FA7 /* Resources */ = {
			isa = PBXResourcesBuildPhase;
			buildActionMask = 2147483647;
			files = (
				9332C9C72A7D268F0024B2F4 /* ChenYuluoyan-Thin-Monospaced.ttf in Resources */,
				932AE9142A7B7E2C00BE3FA7 /* LaunchScreen.storyboard in Resources */,
				9332C9C52A7C486D0024B2F4 /* jf-openhuninn-2.0.ttf in Resources */,
				932AE9112A7B7E2C00BE3FA7 /* Assets.xcassets in Resources */,
				932AE90F2A7B7E2B00BE3FA7 /* Main.storyboard in Resources */,
				9332C9C92A7D270E0024B2F4 /* ChenYuluoyan-Thin.ttf in Resources */,
			);
			runOnlyForDeploymentPostprocessing = 0;
		};
/* End PBXResourcesBuildPhase section */

/* Begin PBXSourcesBuildPhase section */
		932AE9002A7B7E2B00BE3FA7 /* Sources */ = {
			isa = PBXSourcesBuildPhase;
			buildActionMask = 2147483647;
			files = (
				932AE9082A7B7E2B00BE3FA7 /* AppDelegate.swift in Sources */,
				932AE9242A7B863D00BE3FA7 /* QuizResultViewController.swift in Sources */,
				932AE9222A7B861B00BE3FA7 /* QuizContentViewController.swift in Sources */,
				932AE9292A7B8DD900BE3FA7 /* QuestionModel.swift in Sources */,
				932AE90A2A7B7E2B00BE3FA7 /* SceneDelegate.swift in Sources */,
				932AE9202A7B860100BE3FA7 /* QuizHomePageViewController.swift in Sources */,
			);
			runOnlyForDeploymentPostprocessing = 0;
		};
/* End PBXSourcesBuildPhase section */

/* Begin PBXVariantGroup section */
		932AE90D2A7B7E2B00BE3FA7 /* Main.storyboard */ = {
			isa = PBXVariantGroup;
			children = (
				932AE90E2A7B7E2B00BE3FA7 /* Base */,
			);
			name = Main.storyboard;
			sourceTree = "<group>";
		};
		932AE9122A7B7E2C00BE3FA7 /* LaunchScreen.storyboard */ = {
			isa = PBXVariantGroup;
			children = (
				932AE9132A7B7E2C00BE3FA7 /* Base */,
			);
			name = LaunchScreen.storyboard;
			sourceTree = "<group>";
		};
/* End PBXVariantGroup section */

/* Begin XCBuildConfiguration section */
		932AE9162A7B7E2C00BE3FA7 /* Debug */ = {
			isa = XCBuildConfiguration;
			buildSettings = {
				ALWAYS_SEARCH_USER_PATHS = NO;
				CLANG_ANALYZER_NONNULL = YES;
				CLANG_ANALYZER_NUMBER_OBJECT_CONVERSION = YES_AGGRESSIVE;
				CLANG_CXX_LANGUAGE_STANDARD = "gnu++20";
				CLANG_ENABLE_MODULES = YES;
				CLANG_ENABLE_OBJC_ARC = YES;
				CLANG_ENABLE_OBJC_WEAK = YES;
				CLANG_WARN_BLOCK_CAPTURE_AUTORELEASING = YES;
				CLANG_WARN_BOOL_CONVERSION = YES;
				CLANG_WARN_COMMA = YES;
				CLANG_WARN_CONSTANT_CONVERSION = YES;
				CLANG_WARN_DEPRECATED_OBJC_IMPLEMENTATIONS = YES;
				CLANG_WARN_DIRECT_OBJC_ISA_USAGE = YES_ERROR;
				CLANG_WARN_DOCUMENTATION_COMMENTS = YES;
				CLANG_WARN_EMPTY_BODY = YES;
				CLANG_WARN_ENUM_CONVERSION = YES;
				CLANG_WARN_INFINITE_RECURSION = YES;
				CLANG_WARN_INT_CONVERSION = YES;
				CLANG_WARN_NON_LITERAL_NULL_CONVERSION = YES;
				CLANG_WARN_OBJC_IMPLICIT_RETAIN_SELF = YES;
				CLANG_WARN_OBJC_LITERAL_CONVERSION = YES;
				CLANG_WARN_OBJC_ROOT_CLASS = YES_ERROR;
				CLANG_WARN_QUOTED_INCLUDE_IN_FRAMEWORK_HEADER = YES;
				CLANG_WARN_RANGE_LOOP_ANALYSIS = YES;
				CLANG_WARN_STRICT_PROTOTYPES = YES;
				CLANG_WARN_SUSPICIOUS_MOVE = YES;
				CLANG_WARN_UNGUARDED_AVAILABILITY = YES_AGGRESSIVE;
				CLANG_WARN_UNREACHABLE_CODE = YES;
				CLANG_WARN__DUPLICATE_METHOD_MATCH = YES;
				COPY_PHASE_STRIP = NO;
				DEBUG_INFORMATION_FORMAT = dwarf;
				ENABLE_STRICT_OBJC_MSGSEND = YES;
				ENABLE_TESTABILITY = YES;
				GCC_C_LANGUAGE_STANDARD = gnu11;
				GCC_DYNAMIC_NO_PIC = NO;
				GCC_NO_COMMON_BLOCKS = YES;
				GCC_OPTIMIZATION_LEVEL = 0;
				GCC_PREPROCESSOR_DEFINITIONS = (
					"DEBUG=1",
					"$(inherited)",
				);
				GCC_WARN_64_TO_32_BIT_CONVERSION = YES;
				GCC_WARN_ABOUT_RETURN_TYPE = YES_ERROR;
				GCC_WARN_UNDECLARED_SELECTOR = YES;
				GCC_WARN_UNINITIALIZED_AUTOS = YES_AGGRESSIVE;
				GCC_WARN_UNUSED_FUNCTION = YES;
				GCC_WARN_UNUSED_VARIABLE = YES;
				IPHONEOS_DEPLOYMENT_TARGET = 16.4;
				MTL_ENABLE_DEBUG_INFO = INCLUDE_SOURCE;
				MTL_FAST_MATH = YES;
				ONLY_ACTIVE_ARCH = YES;
				SDKROOT = iphoneos;
				SWIFT_ACTIVE_COMPILATION_CONDITIONS = DEBUG;
				SWIFT_OPTIMIZATION_LEVEL = "-Onone";
			};
			name = Debug;
		};
		932AE9172A7B7E2C00BE3FA7 /* Release */ = {
			isa = XCBuildConfiguration;
			buildSettings = {
				ALWAYS_SEARCH_USER_PATHS = NO;
				CLANG_ANALYZER_NONNULL = YES;
				CLANG_ANALYZER_NUMBER_OBJECT_CONVERSION = YES_AGGRESSIVE;
				CLANG_CXX_LANGUAGE_STANDARD = "gnu++20";
				CLANG_ENABLE_MODULES = YES;
				CLANG_ENABLE_OBJC_ARC = YES;
				CLANG_ENABLE_OBJC_WEAK = YES;
				CLANG_WARN_BLOCK_CAPTURE_AUTORELEASING = YES;
				CLANG_WARN_BOOL_CONVERSION = YES;
				CLANG_WARN_COMMA = YES;
				CLANG_WARN_CONSTANT_CONVERSION = YES;
				CLANG_WARN_DEPRECATED_OBJC_IMPLEMENTATIONS = YES;
				CLANG_WARN_DIRECT_OBJC_ISA_USAGE = YES_ERROR;
				CLANG_WARN_DOCUMENTATION_COMMENTS = YES;
				CLANG_WARN_EMPTY_BODY = YES;
				CLANG_WARN_ENUM_CONVERSION = YES;
				CLANG_WARN_INFINITE_RECURSION = YES;
				CLANG_WARN_INT_CONVERSION = YES;
				CLANG_WARN_NON_LITERAL_NULL_CONVERSION = YES;
				CLANG_WARN_OBJC_IMPLICIT_RETAIN_SELF = YES;
				CLANG_WARN_OBJC_LITERAL_CONVERSION = YES;
				CLANG_WARN_OBJC_ROOT_CLASS = YES_ERROR;
				CLANG_WARN_QUOTED_INCLUDE_IN_FRAMEWORK_HEADER = YES;
				CLANG_WARN_RANGE_LOOP_ANALYSIS = YES;
				CLANG_WARN_STRICT_PROTOTYPES = YES;
				CLANG_WARN_SUSPICIOUS_MOVE = YES;
				CLANG_WARN_UNGUARDED_AVAILABILITY = YES_AGGRESSIVE;
				CLANG_WARN_UNREACHABLE_CODE = YES;
				CLANG_WARN__DUPLICATE_METHOD_MATCH = YES;
				COPY_PHASE_STRIP = NO;
				DEBUG_INFORMATION_FORMAT = "dwarf-with-dsym";
				ENABLE_NS_ASSERTIONS = NO;
				ENABLE_STRICT_OBJC_MSGSEND = YES;
				GCC_C_LANGUAGE_STANDARD = gnu11;
				GCC_NO_COMMON_BLOCKS = YES;
				GCC_WARN_64_TO_32_BIT_CONVERSION = YES;
				GCC_WARN_ABOUT_RETURN_TYPE = YES_ERROR;
				GCC_WARN_UNDECLARED_SELECTOR = YES;
				GCC_WARN_UNINITIALIZED_AUTOS = YES_AGGRESSIVE;
				GCC_WARN_UNUSED_FUNCTION = YES;
				GCC_WARN_UNUSED_VARIABLE = YES;
				IPHONEOS_DEPLOYMENT_TARGET = 16.4;
				MTL_ENABLE_DEBUG_INFO = NO;
				MTL_FAST_MATH = YES;
				SDKROOT = iphoneos;
				SWIFT_COMPILATION_MODE = wholemodule;
				SWIFT_OPTIMIZATION_LEVEL = "-O";
				VALIDATE_PRODUCT = YES;
			};
			name = Release;
		};
		932AE9192A7B7E2C00BE3FA7 /* Debug */ = {
			isa = XCBuildConfiguration;
			buildSettings = {
				ASSETCATALOG_COMPILER_APPICON_NAME = AppIcon;
				ASSETCATALOG_COMPILER_GLOBAL_ACCENT_COLOR_NAME = AccentColor;
				CODE_SIGN_STYLE = Automatic;
				CURRENT_PROJECT_VERSION = 1;
				DEVELOPMENT_TEAM = P8FCS2FB8Z;
				GENERATE_INFOPLIST_FILE = YES;
				INFOPLIST_FILE = HW_PersonalityQuiz/Info.plist;
				INFOPLIST_KEY_CFBundleDisplayName = "Coffee Flavor";
				INFOPLIST_KEY_UIApplicationSupportsIndirectInputEvents = YES;
				INFOPLIST_KEY_UILaunchStoryboardName = LaunchScreen;
				INFOPLIST_KEY_UIMainStoryboardFile = Main;
				INFOPLIST_KEY_UISupportedInterfaceOrientations_iPad = "UIInterfaceOrientationPortrait UIInterfaceOrientationPortraitUpsideDown UIInterfaceOrientationLandscapeLeft UIInterfaceOrientationLandscapeRight";
				INFOPLIST_KEY_UISupportedInterfaceOrientations_iPhone = "UIInterfaceOrientationPortrait UIInterfaceOrientationLandscapeLeft UIInterfaceOrientationLandscapeRight";
				LD_RUNPATH_SEARCH_PATHS = (
					"$(inherited)",
					"@executable_path/Frameworks",
				);
				MARKETING_VERSION = 1.0;
				PRODUCT_BUNDLE_IDENTIFIER = "com.tonytsao.HW-PersonalityQuiz";
				PRODUCT_NAME = "$(TARGET_NAME)";
				SWIFT_EMIT_LOC_STRINGS = YES;
				SWIFT_VERSION = 5.0;
				TARGETED_DEVICE_FAMILY = "1,2";
			};
			name = Debug;
		};
		932AE91A2A7B7E2C00BE3FA7 /* Release */ = {
			isa = XCBuildConfiguration;
			buildSettings = {
				ASSETCATALOG_COMPILER_APPICON_NAME = AppIcon;
				ASSETCATALOG_COMPILER_GLOBAL_ACCENT_COLOR_NAME = AccentColor;
				CODE_SIGN_STYLE = Automatic;
				CURRENT_PROJECT_VERSION = 1;
				DEVELOPMENT_TEAM = P8FCS2FB8Z;
				GENERATE_INFOPLIST_FILE = YES;
				INFOPLIST_FILE = HW_PersonalityQuiz/Info.plist;
				INFOPLIST_KEY_CFBundleDisplayName = "Coffee Flavor";
				INFOPLIST_KEY_UIApplicationSupportsIndirectInputEvents = YES;
				INFOPLIST_KEY_UILaunchStoryboardName = LaunchScreen;
				INFOPLIST_KEY_UIMainStoryboardFile = Main;
				INFOPLIST_KEY_UISupportedInterfaceOrientations_iPad = "UIInterfaceOrientationPortrait UIInterfaceOrientationPortraitUpsideDown UIInterfaceOrientationLandscapeLeft UIInterfaceOrientationLandscapeRight";
				INFOPLIST_KEY_UISupportedInterfaceOrientations_iPhone = "UIInterfaceOrientationPortrait UIInterfaceOrientationLandscapeLeft UIInterfaceOrientationLandscapeRight";
				LD_RUNPATH_SEARCH_PATHS = (
					"$(inherited)",
					"@executable_path/Frameworks",
				);
				MARKETING_VERSION = 1.0;
				PRODUCT_BUNDLE_IDENTIFIER = "com.tonytsao.HW-PersonalityQuiz";
				PRODUCT_NAME = "$(TARGET_NAME)";
				SWIFT_EMIT_LOC_STRINGS = YES;
				SWIFT_VERSION = 5.0;
				TARGETED_DEVICE_FAMILY = "1,2";
			};
			name = Release;
		};
/* End XCBuildConfiguration section */

/* Begin XCConfigurationList section */
		932AE8FF2A7B7E2B00BE3FA7 /* Build configuration list for PBXProject "HW_PersonalityQuiz" */ = {
			isa = XCConfigurationList;
			buildConfigurations = (
				932AE9162A7B7E2C00BE3FA7 /* Debug */,
				932AE9172A7B7E2C00BE3FA7 /* Release */,
			);
			defaultConfigurationIsVisible = 0;
			defaultConfigurationName = Release;
		};
		932AE9182A7B7E2C00BE3FA7 /* Build configuration list for PBXNativeTarget "HW_PersonalityQuiz" */ = {
			isa = XCConfigurationList;
			buildConfigurations = (
				932AE9192A7B7E2C00BE3FA7 /* Debug */,
				932AE91A2A7B7E2C00BE3FA7 /* Release */,
			);
			defaultConfigurationIsVisible = 0;
			defaultConfigurationName = Release;
		};
/* End XCConfigurationList section */
	};
	rootObject = 932AE8FC2A7B7E2B00BE3FA7 /* Project object */;
}
